{
  "requires": true,
  "lockfileVersion": 1,
  "dependencies": {
    "mmenu-js": {
      "version": "8.3.0",
      "resolved": "https://registry.npmjs.org/mmenu-js/-/mmenu-js-8.3.0.tgz",
      "integrity": "sha512-d10ojTeKgnow8PqvL+C1T690so2C2LnQ/kTsbipOyuT7bKit4BwVUr7mjToakJ9w6JCzqbz5KTu2vuTvUNo/TQ=="
    }
  }
}
